
Microsoft Visual Studio Solution File, Format Version 12.00
# Visual Studio Version 17
VisualStudioVersion = 17.11.35222.181
MinimumVisualStudioVersion = 10.0.40219.1
Project("{FAE04EC0-301F-11D3-BF4B-00C04F79EFBC}") = "CaptchaManual", "CaptchaManual.csproj", "{43B53325-9A04-413C-867E-465331725F24}"
EndProject
Global
	GlobalSection(SolutionConfigurationPlatforms) = preSolution
		Debug|Any CPU = Debug|Any CPU
		Release|Any CPU = Release|Any CPU
	EndGlobalSection
	GlobalSection(ProjectConfigurationPlatforms) = postSolution
		{43B53325-9A04-413C-867E-465331725F24}.Debug|Any CPU.ActiveCfg = Debug|Any CPU
		{43B53325-9A04-413C-867E-465331725F24}.Debug|Any CPU.Build.0 = Debug|Any CPU
		{43B53325-9A04-413C-867E-465331725F24}.Release|Any CPU.ActiveCfg = Release|Any CPU
		{43B53325-9A04-413C-867E-465331725F24}.Release|Any CPU.Build.0 = Release|Any CPU
	EndGlobalSection
	GlobalSection(SolutionProperties) = preSolution
		HideSolutionNode = FALSE
	EndGlobalSection
	GlobalSection(ExtensibilityGlobals) = postSolution
		SolutionGuid = {AFCA553A-9977-487E-AD41-8BFD502E5AE4}
	EndGlobalSection
EndGlobal
